
Microsoft Visual Studio Solution File, Format Version 9.00
# Visual Studio 2005
Project("{A99171F4-43ED-48FC-978B-9193EDE4E466}") = "Central Planning WorkBench", "Central Planning WorkBench.vrproj", "{884DC62E-3668-4FC5-A741-5D1F07DAE66F}"
EndProject
Global
	GlobalSection(SolutionConfigurationPlatforms) = preSolution
		Debug|Any CPU = Debug|Any CPU
		Release|Any CPU = Release|Any CPU
	EndGlobalSection
	GlobalSection(ProjectConfigurationPlatforms) = postSolution
		{884DC62E-3668-4FC5-A741-5D1F07DAE66F}.Debug|Any CPU.ActiveCfg = Debug|Any CPU
		{884DC62E-3668-4FC5-A741-5D1F07DAE66F}.Debug|Any CPU.Build.0 = Debug|Any CPU
		{884DC62E-3668-4FC5-A741-5D1F07DAE66F}.Release|Any CPU.ActiveCfg = Release|Any CPU
		{884DC62E-3668-4FC5-A741-5D1F07DAE66F}.Release|Any CPU.Build.0 = Release|Any CPU
	EndGlobalSection
	GlobalSection(SolutionProperties) = preSolution
		HideSolutionNode = FALSE
	EndGlobalSection
EndGlobal
