
Microsoft Visual Studio Solution File, Format Version 10.00
# Visual Studio 2008
Project("{FAE04EC0-301F-11D3-BF4B-00C04F79EFBC}") = "Disney.Spice.POUI", "Disney.Spice.POUI.csproj", "{59DC39C9-E9AC-47C6-B8D0-FEE3082DB38D}"
	ProjectSection(ProjectDependencies) = postProject
		{B00AEFBF-FBD6-49D3-B220-26AD097DC2AA} = {B00AEFBF-FBD6-49D3-B220-26AD097DC2AA}
	EndProjectSection
EndProject
Project("{FAE04EC0-301F-11D3-BF4B-00C04F79EFBC}") = "Disney.Spice.POBO", "..\Disney.Spice.POBO\Disney.Spice.POBO.csproj", "{B00AEFBF-FBD6-49D3-B220-26AD097DC2AA}"
EndProject
Project("{FAE04EC0-301F-11D3-BF4B-00C04F79EFBC}") = "NUtesting", "..\NUtesting\NUtesting.csproj", "{C3B4568E-FAE3-41CF-A022-C6275743E56D}"
EndProject
Global
	GlobalSection(SolutionConfigurationPlatforms) = preSolution
		Debug|Any CPU = Debug|Any CPU
		Release|Any CPU = Release|Any CPU
	EndGlobalSection
	GlobalSection(ProjectConfigurationPlatforms) = postSolution
		{59DC39C9-E9AC-47C6-B8D0-FEE3082DB38D}.Debug|Any CPU.ActiveCfg = Debug|Any CPU
		{59DC39C9-E9AC-47C6-B8D0-FEE3082DB38D}.Debug|Any CPU.Build.0 = Debug|Any CPU
		{59DC39C9-E9AC-47C6-B8D0-FEE3082DB38D}.Release|Any CPU.ActiveCfg = Debug|Any CPU
		{59DC39C9-E9AC-47C6-B8D0-FEE3082DB38D}.Release|Any CPU.Build.0 = Debug|Any CPU
		{B00AEFBF-FBD6-49D3-B220-26AD097DC2AA}.Debug|Any CPU.ActiveCfg = Debug|Any CPU
		{B00AEFBF-FBD6-49D3-B220-26AD097DC2AA}.Debug|Any CPU.Build.0 = Debug|Any CPU
		{B00AEFBF-FBD6-49D3-B220-26AD097DC2AA}.Release|Any CPU.ActiveCfg = Release|Any CPU
		{B00AEFBF-FBD6-49D3-B220-26AD097DC2AA}.Release|Any CPU.Build.0 = Release|Any CPU
		{C3B4568E-FAE3-41CF-A022-C6275743E56D}.Debug|Any CPU.ActiveCfg = Debug|Any CPU
		{C3B4568E-FAE3-41CF-A022-C6275743E56D}.Debug|Any CPU.Build.0 = Debug|Any CPU
		{C3B4568E-FAE3-41CF-A022-C6275743E56D}.Release|Any CPU.ActiveCfg = Release|Any CPU
		{C3B4568E-FAE3-41CF-A022-C6275743E56D}.Release|Any CPU.Build.0 = Release|Any CPU
	EndGlobalSection
	GlobalSection(SolutionProperties) = preSolution
		HideSolutionNode = FALSE
	EndGlobalSection
EndGlobal
