
Microsoft Visual Studio Solution File, Format Version 9.00
# Visual Studio 2005
Project("{A99171F4-43ED-48FC-978B-9193EDE4E466}") = "Disney.Menu", "Menu\Disney.Menu.vrproj", "{59EBC483-398C-4A64-9DCB-9A3DC921DF2E}"
	ProjectSection(WebsiteProperties) = preProject
		Debug.AspNetCompiler.Debug = "True"
		Release.AspNetCompiler.Debug = "False"
	EndProjectSection
EndProject
Global
	GlobalSection(SubversionScc) = preSolution
		Svn-Managed = True
		Manager = AnkhSVN - Subversion Support for Visual Studio
	EndGlobalSection
	GlobalSection(SolutionConfigurationPlatforms) = preSolution
		Debug|Any CPU = Debug|Any CPU
		Release|Any CPU = Release|Any CPU
	EndGlobalSection
	GlobalSection(ProjectConfigurationPlatforms) = postSolution
		{59EBC483-398C-4A64-9DCB-9A3DC921DF2E}.Debug|Any CPU.ActiveCfg = Debug|Any CPU
		{59EBC483-398C-4A64-9DCB-9A3DC921DF2E}.Debug|Any CPU.Build.0 = Debug|Any CPU
		{59EBC483-398C-4A64-9DCB-9A3DC921DF2E}.Release|Any CPU.ActiveCfg = Release|Any CPU
		{59EBC483-398C-4A64-9DCB-9A3DC921DF2E}.Release|Any CPU.Build.0 = Release|Any CPU
	EndGlobalSection
	GlobalSection(SolutionProperties) = preSolution
		HideSolutionNode = FALSE
	EndGlobalSection
EndGlobal
