Microsoft Visual Studio Solution File, Format Version 9.00
# Visual Studio 2005
Project("{A99171F4-43ED-48FC-978B-9193EDE4E466}") = "Summary_WorkBench", "Summary_WorkBench.vrproj", "{0FF09DF5-D227-413D-B031-BF15411AAC61}"
EndProject
Global
	GlobalSection(SolutionConfigurationPlatforms) = preSolution
		Debug|Any CPU = Debug|Any CPU
		Release|Any CPU = Release|Any CPU
	EndGlobalSection
	GlobalSection(ProjectConfigurationPlatforms) = postSolution
		{0FF09DF5-D227-413D-B031-BF15411AAC61}.Debug|Any CPU.ActiveCfg = Debug|Any CPU
		{0FF09DF5-D227-413D-B031-BF15411AAC61}.Debug|Any CPU.Build.0 = Debug|Any CPU
		{0FF09DF5-D227-413D-B031-BF15411AAC61}.Release|Any CPU.ActiveCfg = Release|Any CPU
		{0FF09DF5-D227-413D-B031-BF15411AAC61}.Release|Any CPU.Build.0 = Release|Any CPU
	EndGlobalSection
	GlobalSection(SolutionProperties) = preSolution
		HideSolutionNode = FALSE
	EndGlobalSection
EndGlobal
