
Microsoft Visual Studio Solution File, Format Version 9.00
# Visual Studio 2005
Project("{A99171F4-43ED-48FC-978B-9193EDE4E466}") = "Disney.Spice.LookUp", "Disney.Spice.LookUp.vrproj", "{219BBBCB-7A3E-4736-9FF4-705D10BD8E2E}"
	ProjectSection(WebsiteProperties) = preProject
		Debug.AspNetCompiler.Debug = "True"
		Release.AspNetCompiler.Debug = "False"
	EndProjectSection
EndProject
Global
	GlobalSection(SolutionConfigurationPlatforms) = preSolution
		Debug|Any CPU = Debug|Any CPU
		Release|Any CPU = Release|Any CPU
	EndGlobalSection
	GlobalSection(ProjectConfigurationPlatforms) = postSolution
		{219BBBCB-7A3E-4736-9FF4-705D10BD8E2E}.Debug|Any CPU.ActiveCfg = Debug|Any CPU
		{219BBBCB-7A3E-4736-9FF4-705D10BD8E2E}.Debug|Any CPU.Build.0 = Debug|Any CPU
		{219BBBCB-7A3E-4736-9FF4-705D10BD8E2E}.Release|Any CPU.ActiveCfg = Release|Any CPU
		{219BBBCB-7A3E-4736-9FF4-705D10BD8E2E}.Release|Any CPU.Build.0 = Release|Any CPU
	EndGlobalSection
	GlobalSection(SolutionProperties) = preSolution
		HideSolutionNode = FALSE
	EndGlobalSection
EndGlobal
