
Microsoft Visual Studio Solution File, Format Version 9.00
# Visual Studio 2005
Project("{A99171F4-43ED-48FC-978B-9193EDE4E466}") = "EditLeadTimes", "EditLeadTimes.vrproj", "{67A4A139-F60A-47B9-BCA6-FE8032874847}"
	ProjectSection(WebsiteProperties) = preProject
		Debug.AspNetCompiler.Debug = "True"
		Release.AspNetCompiler.Debug = "False"
	EndProjectSection
EndProject
Global
	GlobalSection(SolutionConfigurationPlatforms) = preSolution
		Debug|Any CPU = Debug|Any CPU
		Release|Any CPU = Release|Any CPU
	EndGlobalSection
	GlobalSection(ProjectConfigurationPlatforms) = postSolution
		{67A4A139-F60A-47B9-BCA6-FE8032874847}.Debug|Any CPU.ActiveCfg = Debug|Any CPU
		{67A4A139-F60A-47B9-BCA6-FE8032874847}.Debug|Any CPU.Build.0 = Debug|Any CPU
		{67A4A139-F60A-47B9-BCA6-FE8032874847}.Release|Any CPU.ActiveCfg = Release|Any CPU
		{67A4A139-F60A-47B9-BCA6-FE8032874847}.Release|Any CPU.Build.0 = Release|Any CPU
	EndGlobalSection
	GlobalSection(SolutionProperties) = preSolution
		HideSolutionNode = FALSE
	EndGlobalSection
EndGlobal
